
Microsoft Visual Studio Solution File, Format Version 12.00
# Visual Studio Version 16
VisualStudioVersion = 16.0.31205.134
MinimumVisualStudioVersion = 10.0.40219.1
Project("{9A19103F-16F7-4668-BE54-9A1E7A4F7556}") = "BlueModus.Modules.AppInsights", "src\BlueModus.Modules.AppInsights\BlueModus.Modules.AppInsights.csproj", "{A334A633-5E76-4E8D-9FDC-8FEC6CA1C0FD}"
EndProject
Global
	GlobalSection(SolutionConfigurationPlatforms) = preSolution
		Debug|Any CPU = Debug|Any CPU
		Release|Any CPU = Release|Any CPU
	EndGlobalSection
	GlobalSection(ProjectConfigurationPlatforms) = postSolution
		{A334A633-5E76-4E8D-9FDC-8FEC6CA1C0FD}.Debug|Any CPU.ActiveCfg = Debug|Any CPU
		{A334A633-5E76-4E8D-9FDC-8FEC6CA1C0FD}.Debug|Any CPU.Build.0 = Debug|Any CPU
		{A334A633-5E76-4E8D-9FDC-8FEC6CA1C0FD}.Release|Any CPU.ActiveCfg = Release|Any CPU
		{A334A633-5E76-4E8D-9FDC-8FEC6CA1C0FD}.Release|Any CPU.Build.0 = Release|Any CPU
	EndGlobalSection
	GlobalSection(SolutionProperties) = preSolution
		HideSolutionNode = FALSE
	EndGlobalSection
	GlobalSection(ExtensibilityGlobals) = postSolution
		SolutionGuid = {F76D8394-DB11-4845-A421-976DCEB10C82}
	EndGlobalSection
EndGlobal
